
Microsoft Visual Studio Solution File, Format Version 12.00
Project("{2150E333-8FDC-42A3-9474-1A3956D46DE8}") = "src", "src", "{D8319887-B358-4E90-8993-BFF3159D5EE1}"
EndProject
Project("{FAE04EC0-301F-11D3-BF4B-00C04F79EFBC}") = "CSharpToPlantUML", "src\CSharpToPlantUML\CSharpToPlantUML.csproj", "{E37025B0-06B2-49D7-9804-CE8C876B08CB}"
EndProject
Global
	GlobalSection(SolutionConfigurationPlatforms) = preSolution
		Debug|Any CPU = Debug|Any CPU
		Release|Any CPU = Release|Any CPU
	EndGlobalSection
	GlobalSection(NestedProjects) = preSolution
		{E37025B0-06B2-49D7-9804-CE8C876B08CB} = {D8319887-B358-4E90-8993-BFF3159D5EE1}
	EndGlobalSection
	GlobalSection(ProjectConfigurationPlatforms) = postSolution
		{E37025B0-06B2-49D7-9804-CE8C876B08CB}.Debug|Any CPU.ActiveCfg = Debug|Any CPU
		{E37025B0-06B2-49D7-9804-CE8C876B08CB}.Debug|Any CPU.Build.0 = Debug|Any CPU
		{E37025B0-06B2-49D7-9804-CE8C876B08CB}.Release|Any CPU.ActiveCfg = Release|Any CPU
		{E37025B0-06B2-49D7-9804-CE8C876B08CB}.Release|Any CPU.Build.0 = Release|Any CPU
	EndGlobalSection
EndGlobal
